
Microsoft Visual Studio Solution File, Format Version 12.00
# Visual Studio 15
VisualStudioVersion = 15.0.27703.2047
MinimumVisualStudioVersion = 10.0.40219.1
Project("{FAE04EC0-301F-11D3-BF4B-00C04F79EFBC}") = "WindowsFormsApp6", "WindowsFormsApp6\WindowsFormsApp6.csproj", "{72885675-1712-4EB7-AC5A-4BC17C4958B6}"
EndProject
Global
	GlobalSection(SolutionConfigurationPlatforms) = preSolution
		Debug|Any CPU = Debug|Any CPU
		Release|Any CPU = Release|Any CPU
	EndGlobalSection
	GlobalSection(ProjectConfigurationPlatforms) = postSolution
		{72885675-1712-4EB7-AC5A-4BC17C4958B6}.Debug|Any CPU.ActiveCfg = Debug|Any CPU
		{72885675-1712-4EB7-AC5A-4BC17C4958B6}.Debug|Any CPU.Build.0 = Debug|Any CPU
		{72885675-1712-4EB7-AC5A-4BC17C4958B6}.Release|Any CPU.ActiveCfg = Release|Any CPU
		{72885675-1712-4EB7-AC5A-4BC17C4958B6}.Release|Any CPU.Build.0 = Release|Any CPU
	EndGlobalSection
	GlobalSection(SolutionProperties) = preSolution
		HideSolutionNode = FALSE
	EndGlobalSection
	GlobalSection(ExtensibilityGlobals) = postSolution
		SolutionGuid = {79C87771-E164-41EC-9560-8A1C15049DA5}
	EndGlobalSection
EndGlobal
